{
  "name": "root",
  "lockfileVersion": 2,
  "requires": true,
  "packages": {
    "": {
      "name": "root",
      "workspaces": [
        "workspace-a",
        "workspace-b"
      ],
      "dependencies": {
        "workspace-b": "0.0.1"
      }
    },
    "node_modules/workspace-a": {
      "resolved": "workspace-a",
      "link": true
    },
    "node_modules/workspace-b": {
      "resolved": "workspace-b",
      "link": true
    },
    "workspace-a": {
      "version": "0.0.1"
    },
    "workspace-b": {
      "version": "0.0.1",
      "dependencies": {
        "workspace-a": "0.0.1"
      }
    }
  },
  "dependencies": {
    "workspace-a": {
      "version": "file:workspace-a"
    },
    "workspace-b": {
      "version": "file:workspace-b",
      "requires": {
        "workspace-a": "0.0.1"
      }
    }
  }
}
